
Microsoft Visual Studio Solution File, Format Version 12.00
# Visual Studio Version 17
VisualStudioVersion = 17.14.36623.8 d17.14
MinimumVisualStudioVersion = 10.0.40219.1
Project("{FAE04EC0-301F-11D3-BF4B-00C04F79EFBC}") = "Task 1", "Task 1\Task 1.csproj", "{43DFD061-69FD-4B5B-9765-00957275483C}"
EndProject
Project("{FAE04EC0-301F-11D3-BF4B-00C04F79EFBC}") = "Task 2", "Task 2\Task 2.csproj", "{ED5FC16C-E2E5-4F6C-AFD2-B6E0B68013F1}"
EndProject
Project("{2150E333-8FDC-42A3-9474-1A3956D46DE8}") = "Solution Items", "Solution Items", "{8EC462FD-D22E-90A8-E5CE-7E832BA40C5D}"
	ProjectSection(SolutionItems) = preProject
		.gitignore = .gitignore
	EndProjectSection
EndProject
Global
	GlobalSection(SolutionConfigurationPlatforms) = preSolution
		Debug|Any CPU = Debug|Any CPU
		Release|Any CPU = Release|Any CPU
	EndGlobalSection
	GlobalSection(ProjectConfigurationPlatforms) = postSolution
		{43DFD061-69FD-4B5B-9765-00957275483C}.Debug|Any CPU.ActiveCfg = Debug|Any CPU
		{43DFD061-69FD-4B5B-9765-00957275483C}.Debug|Any CPU.Build.0 = Debug|Any CPU
		{43DFD061-69FD-4B5B-9765-00957275483C}.Release|Any CPU.ActiveCfg = Release|Any CPU
		{43DFD061-69FD-4B5B-9765-00957275483C}.Release|Any CPU.Build.0 = Release|Any CPU
		{ED5FC16C-E2E5-4F6C-AFD2-B6E0B68013F1}.Debug|Any CPU.ActiveCfg = Debug|Any CPU
		{ED5FC16C-E2E5-4F6C-AFD2-B6E0B68013F1}.Debug|Any CPU.Build.0 = Debug|Any CPU
		{ED5FC16C-E2E5-4F6C-AFD2-B6E0B68013F1}.Release|Any CPU.ActiveCfg = Release|Any CPU
		{ED5FC16C-E2E5-4F6C-AFD2-B6E0B68013F1}.Release|Any CPU.Build.0 = Release|Any CPU
	EndGlobalSection
	GlobalSection(SolutionProperties) = preSolution
		HideSolutionNode = FALSE
	EndGlobalSection
	GlobalSection(ExtensibilityGlobals) = postSolution
		SolutionGuid = {D9D2FF02-47DA-425E-A28F-7D7801D4B6BC}
	EndGlobalSection
EndGlobal
